
Microsoft Visual Studio Solution File, Format Version 12.00
# Visual Studio Version 16
VisualStudioVersion = 16.0.31702.278
MinimumVisualStudioVersion = 10.0.40219.1
Project("{8BC9CEB8-8B4A-11D0-8D11-00A0C91BC942}") = "datastruct", "datastruct.vcxproj", "{3E653C8C-4258-4CC8-9265-FB1779480DBE}"
EndProject
Global
	GlobalSection(SolutionConfigurationPlatforms) = preSolution
		Debug|x64 = Debug|x64
		Debug|x86 = Debug|x86
		Release|x64 = Release|x64
		Release|x86 = Release|x86
	EndGlobalSection
	GlobalSection(ProjectConfigurationPlatforms) = postSolution
		{3E653C8C-4258-4CC8-9265-FB1779480DBE}.Debug|x64.ActiveCfg = Debug|x64
		{3E653C8C-4258-4CC8-9265-FB1779480DBE}.Debug|x64.Build.0 = Debug|x64
		{3E653C8C-4258-4CC8-9265-FB1779480DBE}.Debug|x86.ActiveCfg = Debug|Win32
		{3E653C8C-4258-4CC8-9265-FB1779480DBE}.Debug|x86.Build.0 = Debug|Win32
		{3E653C8C-4258-4CC8-9265-FB1779480DBE}.Release|x64.ActiveCfg = Release|x64
		{3E653C8C-4258-4CC8-9265-FB1779480DBE}.Release|x64.Build.0 = Release|x64
		{3E653C8C-4258-4CC8-9265-FB1779480DBE}.Release|x86.ActiveCfg = Release|Win32
		{3E653C8C-4258-4CC8-9265-FB1779480DBE}.Release|x86.Build.0 = Release|Win32
	EndGlobalSection
	GlobalSection(SolutionProperties) = preSolution
		HideSolutionNode = FALSE
	EndGlobalSection
	GlobalSection(ExtensibilityGlobals) = postSolution
		SolutionGuid = {6D8A81E8-BC06-4BB7-8DBB-6D05B277EF5D}
	EndGlobalSection
EndGlobal
